
Microsoft Visual Studio Solution File, Format Version 12.00
# Visual Studio Version 17
VisualStudioVersion = 17.8.34525.116
MinimumVisualStudioVersion = 10.0.40219.1
Project("{FAE04EC0-301F-11D3-BF4B-00C04F79EFBC}") = "Proje_Hastane", "Proje_Hastane\Proje_Hastane.csproj", "{B63EDDFB-CD83-4003-982F-46F7DA9BC4F2}"
EndProject
Global
	GlobalSection(SolutionConfigurationPlatforms) = preSolution
		Debug|Any CPU = Debug|Any CPU
		Release|Any CPU = Release|Any CPU
	EndGlobalSection
	GlobalSection(ProjectConfigurationPlatforms) = postSolution
		{B63EDDFB-CD83-4003-982F-46F7DA9BC4F2}.Debug|Any CPU.ActiveCfg = Debug|Any CPU
		{B63EDDFB-CD83-4003-982F-46F7DA9BC4F2}.Debug|Any CPU.Build.0 = Debug|Any CPU
		{B63EDDFB-CD83-4003-982F-46F7DA9BC4F2}.Release|Any CPU.ActiveCfg = Release|Any CPU
		{B63EDDFB-CD83-4003-982F-46F7DA9BC4F2}.Release|Any CPU.Build.0 = Release|Any CPU
	EndGlobalSection
	GlobalSection(SolutionProperties) = preSolution
		HideSolutionNode = FALSE
	EndGlobalSection
	GlobalSection(ExtensibilityGlobals) = postSolution
		SolutionGuid = {FCB128A1-98F1-43A0-8B35-F4AAEBC61751}
	EndGlobalSection
EndGlobal
